
Microsoft Visual Studio Solution File, Format Version 12.00
# Visual Studio Version 17
VisualStudioVersion = 17.4.33205.214
MinimumVisualStudioVersion = 10.0.40219.1
Project("{9A19103F-16F7-4668-BE54-9A1E7A4F7556}") = "Assessment.API", "Assessment.API\Assessment.API.csproj", "{393695E9-522C-46B9-AC02-C8C448FE9C28}"
EndProject
Global
	GlobalSection(SolutionConfigurationPlatforms) = preSolution
		Debug|Any CPU = Debug|Any CPU
		Release|Any CPU = Release|Any CPU
	EndGlobalSection
	GlobalSection(ProjectConfigurationPlatforms) = postSolution
		{393695E9-522C-46B9-AC02-C8C448FE9C28}.Debug|Any CPU.ActiveCfg = Debug|Any CPU
		{393695E9-522C-46B9-AC02-C8C448FE9C28}.Debug|Any CPU.Build.0 = Debug|Any CPU
		{393695E9-522C-46B9-AC02-C8C448FE9C28}.Release|Any CPU.ActiveCfg = Release|Any CPU
		{393695E9-522C-46B9-AC02-C8C448FE9C28}.Release|Any CPU.Build.0 = Release|Any CPU
	EndGlobalSection
	GlobalSection(SolutionProperties) = preSolution
		HideSolutionNode = FALSE
	EndGlobalSection
	GlobalSection(ExtensibilityGlobals) = postSolution
		SolutionGuid = {61115A55-ABD7-4751-A08C-D1DD26B3E073}
	EndGlobalSection
EndGlobal
